
Microsoft Visual Studio Solution File, Format Version 12.00
# Visual Studio Version 16
VisualStudioVersion = 16.0.31313.79
MinimumVisualStudioVersion = 10.0.40219.1
Project("{9A19103F-16F7-4668-BE54-9A1E7A4F7556}") = "Netflix.WPFApp", "Netflix.WPFApp\Netflix.WPFApp.csproj", "{32D69334-A549-486C-A600-6008CF92CC8D}"
EndProject
Global
	GlobalSection(SolutionConfigurationPlatforms) = preSolution
		Debug|Any CPU = Debug|Any CPU
		Release|Any CPU = Release|Any CPU
	EndGlobalSection
	GlobalSection(ProjectConfigurationPlatforms) = postSolution
		{32D69334-A549-486C-A600-6008CF92CC8D}.Debug|Any CPU.ActiveCfg = Debug|Any CPU
		{32D69334-A549-486C-A600-6008CF92CC8D}.Debug|Any CPU.Build.0 = Debug|Any CPU
		{32D69334-A549-486C-A600-6008CF92CC8D}.Release|Any CPU.ActiveCfg = Release|Any CPU
		{32D69334-A549-486C-A600-6008CF92CC8D}.Release|Any CPU.Build.0 = Release|Any CPU
	EndGlobalSection
	GlobalSection(SolutionProperties) = preSolution
		HideSolutionNode = FALSE
	EndGlobalSection
	GlobalSection(ExtensibilityGlobals) = postSolution
		SolutionGuid = {4FB97304-32F7-490A-8708-CB39454A94E6}
	EndGlobalSection
EndGlobal
